
Microsoft Visual Studio Solution File, Format Version 12.00
# Visual Studio Version 16
VisualStudioVersion = 16.0.31410.357
MinimumVisualStudioVersion = 10.0.40219.1
Project("{FAE04EC0-301F-11D3-BF4B-00C04F79EFBC}") = "VIEAT", "VIEAT.csproj", "{2C4EA9FF-FCE6-47EB-B318-EB242503C280}"
EndProject
Global
	GlobalSection(SolutionConfigurationPlatforms) = preSolution
		Debug|Any CPU = Debug|Any CPU
		Release|Any CPU = Release|Any CPU
	EndGlobalSection
	GlobalSection(ProjectConfigurationPlatforms) = postSolution
		{2C4EA9FF-FCE6-47EB-B318-EB242503C280}.Debug|Any CPU.ActiveCfg = Debug|Any CPU
		{2C4EA9FF-FCE6-47EB-B318-EB242503C280}.Debug|Any CPU.Build.0 = Debug|Any CPU
		{2C4EA9FF-FCE6-47EB-B318-EB242503C280}.Release|Any CPU.ActiveCfg = Release|Any CPU
		{2C4EA9FF-FCE6-47EB-B318-EB242503C280}.Release|Any CPU.Build.0 = Release|Any CPU
	EndGlobalSection
	GlobalSection(SolutionProperties) = preSolution
		HideSolutionNode = FALSE
	EndGlobalSection
	GlobalSection(ExtensibilityGlobals) = postSolution
		SolutionGuid = {1D6485D3-133D-46F4-94E4-CB71B70A8A94}
	EndGlobalSection
EndGlobal
